
Microsoft Visual Studio Solution File, Format Version 12.00
# Visual Studio Version 17
VisualStudioVersion = 17.3.32929.385
MinimumVisualStudioVersion = 10.0.40219.1
Project("{FAE04EC0-301F-11D3-BF4B-00C04F79EFBC}") = "UtilityBot", "UtilityBot.csproj", "{8DD56A00-E11F-4179-BDD7-ED375AECD86F}"
EndProject
Global
	GlobalSection(SolutionConfigurationPlatforms) = preSolution
		Debug|Any CPU = Debug|Any CPU
		Release|Any CPU = Release|Any CPU
	EndGlobalSection
	GlobalSection(ProjectConfigurationPlatforms) = postSolution
		{8DD56A00-E11F-4179-BDD7-ED375AECD86F}.Debug|Any CPU.ActiveCfg = Debug|Any CPU
		{8DD56A00-E11F-4179-BDD7-ED375AECD86F}.Debug|Any CPU.Build.0 = Debug|Any CPU
		{8DD56A00-E11F-4179-BDD7-ED375AECD86F}.Release|Any CPU.ActiveCfg = Release|Any CPU
		{8DD56A00-E11F-4179-BDD7-ED375AECD86F}.Release|Any CPU.Build.0 = Release|Any CPU
	EndGlobalSection
	GlobalSection(SolutionProperties) = preSolution
		HideSolutionNode = FALSE
	EndGlobalSection
	GlobalSection(ExtensibilityGlobals) = postSolution
		SolutionGuid = {89133772-ABAA-40EC-B451-4788EF26EDC1}
	EndGlobalSection
EndGlobal
